
Microsoft Visual Studio Solution File, Format Version 12.00
# Visual Studio Version 17
VisualStudioVersion = 17.0.31903.59
MinimumVisualStudioVersion = 10.0.40219.1
Project("{FAE04EC0-301F-11D3-BF4B-00C04F79EFBC}") = "TaskManager.Web", "TaskManager.Web\TaskManager.Web.csproj", "{45550639-098D-4406-B8DB-0336755EA2E0}"
EndProject
Project("{FAE04EC0-301F-11D3-BF4B-00C04F79EFBC}") = "TaskManager.BLL", "TaskManager.BLL\TaskManager.BLL.csproj", "{A0B2FE3B-50A6-46EF-AD74-E91F1459CA0E}"
EndProject
Project("{FAE04EC0-301F-11D3-BF4B-00C04F79EFBC}") = "TaskManager.DAL", "TaskManager.DAL\TaskManager.DAL.csproj", "{40663F75-5A09-43E8-92DF-A23C77750A3F}"
EndProject
Global
	GlobalSection(SolutionConfigurationPlatforms) = preSolution
		Debug|Any CPU = Debug|Any CPU
		Debug|x64 = Debug|x64
		Debug|x86 = Debug|x86
		Release|Any CPU = Release|Any CPU
		Release|x64 = Release|x64
		Release|x86 = Release|x86
	EndGlobalSection
	GlobalSection(ProjectConfigurationPlatforms) = postSolution
		{45550639-098D-4406-B8DB-0336755EA2E0}.Debug|Any CPU.ActiveCfg = Debug|Any CPU
		{45550639-098D-4406-B8DB-0336755EA2E0}.Debug|Any CPU.Build.0 = Debug|Any CPU
		{45550639-098D-4406-B8DB-0336755EA2E0}.Debug|x64.ActiveCfg = Debug|Any CPU
		{45550639-098D-4406-B8DB-0336755EA2E0}.Debug|x64.Build.0 = Debug|Any CPU
		{45550639-098D-4406-B8DB-0336755EA2E0}.Debug|x86.ActiveCfg = Debug|Any CPU
		{45550639-098D-4406-B8DB-0336755EA2E0}.Debug|x86.Build.0 = Debug|Any CPU
		{45550639-098D-4406-B8DB-0336755EA2E0}.Release|Any CPU.ActiveCfg = Release|Any CPU
		{45550639-098D-4406-B8DB-0336755EA2E0}.Release|Any CPU.Build.0 = Release|Any CPU
		{45550639-098D-4406-B8DB-0336755EA2E0}.Release|x64.ActiveCfg = Release|Any CPU
		{45550639-098D-4406-B8DB-0336755EA2E0}.Release|x64.Build.0 = Release|Any CPU
		{45550639-098D-4406-B8DB-0336755EA2E0}.Release|x86.ActiveCfg = Release|Any CPU
		{45550639-098D-4406-B8DB-0336755EA2E0}.Release|x86.Build.0 = Release|Any CPU
		{A0B2FE3B-50A6-46EF-AD74-E91F1459CA0E}.Debug|Any CPU.ActiveCfg = Debug|Any CPU
		{A0B2FE3B-50A6-46EF-AD74-E91F1459CA0E}.Debug|Any CPU.Build.0 = Debug|Any CPU
		{A0B2FE3B-50A6-46EF-AD74-E91F1459CA0E}.Debug|x64.ActiveCfg = Debug|Any CPU
		{A0B2FE3B-50A6-46EF-AD74-E91F1459CA0E}.Debug|x64.Build.0 = Debug|Any CPU
		{A0B2FE3B-50A6-46EF-AD74-E91F1459CA0E}.Debug|x86.ActiveCfg = Debug|Any CPU
		{A0B2FE3B-50A6-46EF-AD74-E91F1459CA0E}.Debug|x86.Build.0 = Debug|Any CPU
		{A0B2FE3B-50A6-46EF-AD74-E91F1459CA0E}.Release|Any CPU.ActiveCfg = Release|Any CPU
		{A0B2FE3B-50A6-46EF-AD74-E91F1459CA0E}.Release|Any CPU.Build.0 = Release|Any CPU
		{A0B2FE3B-50A6-46EF-AD74-E91F1459CA0E}.Release|x64.ActiveCfg = Release|Any CPU
		{A0B2FE3B-50A6-46EF-AD74-E91F1459CA0E}.Release|x64.Build.0 = Release|Any CPU
		{A0B2FE3B-50A6-46EF-AD74-E91F1459CA0E}.Release|x86.ActiveCfg = Release|Any CPU
		{A0B2FE3B-50A6-46EF-AD74-E91F1459CA0E}.Release|x86.Build.0 = Release|Any CPU
		{40663F75-5A09-43E8-92DF-A23C77750A3F}.Debug|Any CPU.ActiveCfg = Debug|Any CPU
		{40663F75-5A09-43E8-92DF-A23C77750A3F}.Debug|Any CPU.Build.0 = Debug|Any CPU
		{40663F75-5A09-43E8-92DF-A23C77750A3F}.Debug|x64.ActiveCfg = Debug|Any CPU
		{40663F75-5A09-43E8-92DF-A23C77750A3F}.Debug|x64.Build.0 = Debug|Any CPU
		{40663F75-5A09-43E8-92DF-A23C77750A3F}.Debug|x86.ActiveCfg = Debug|Any CPU
		{40663F75-5A09-43E8-92DF-A23C77750A3F}.Debug|x86.Build.0 = Debug|Any CPU
		{40663F75-5A09-43E8-92DF-A23C77750A3F}.Release|Any CPU.ActiveCfg = Release|Any CPU
		{40663F75-5A09-43E8-92DF-A23C77750A3F}.Release|Any CPU.Build.0 = Release|Any CPU
		{40663F75-5A09-43E8-92DF-A23C77750A3F}.Release|x64.ActiveCfg = Release|Any CPU
		{40663F75-5A09-43E8-92DF-A23C77750A3F}.Release|x64.Build.0 = Release|Any CPU
		{40663F75-5A09-43E8-92DF-A23C77750A3F}.Release|x86.ActiveCfg = Release|Any CPU
		{40663F75-5A09-43E8-92DF-A23C77750A3F}.Release|x86.Build.0 = Release|Any CPU
	EndGlobalSection
	GlobalSection(SolutionProperties) = preSolution
		HideSolutionNode = FALSE
	EndGlobalSection
EndGlobal
